
Microsoft Visual Studio Solution File, Format Version 12.00
# Visual Studio 15
VisualStudioVersion = 15.0.27703.2000
MinimumVisualStudioVersion = 10.0.40219.1
Project("{FAE04EC0-301F-11D3-BF4B-00C04F79EFBC}") = "Class-Management-System", "Class-Management-System\Class-Management-System.csproj", "{CA6DF5D4-6820-4E29-AAA6-FEFD859D623C}"
EndProject
Project("{FAE04EC0-301F-11D3-BF4B-00C04F79EFBC}") = "Class-Management-System.Tests", "Class-Management-System.Tests\Class-Management-System.Tests.csproj", "{D3F1CCA0-F0F7-4670-AFB7-086548574753}"
EndProject
Global
	GlobalSection(SolutionConfigurationPlatforms) = preSolution
		Debug|Any CPU = Debug|Any CPU
		Release|Any CPU = Release|Any CPU
	EndGlobalSection
	GlobalSection(ProjectConfigurationPlatforms) = postSolution
		{CA6DF5D4-6820-4E29-AAA6-FEFD859D623C}.Debug|Any CPU.ActiveCfg = Debug|Any CPU
		{CA6DF5D4-6820-4E29-AAA6-FEFD859D623C}.Debug|Any CPU.Build.0 = Debug|Any CPU
		{CA6DF5D4-6820-4E29-AAA6-FEFD859D623C}.Release|Any CPU.ActiveCfg = Release|Any CPU
		{CA6DF5D4-6820-4E29-AAA6-FEFD859D623C}.Release|Any CPU.Build.0 = Release|Any CPU
		{D3F1CCA0-F0F7-4670-AFB7-086548574753}.Debug|Any CPU.ActiveCfg = Debug|Any CPU
		{D3F1CCA0-F0F7-4670-AFB7-086548574753}.Debug|Any CPU.Build.0 = Debug|Any CPU
		{D3F1CCA0-F0F7-4670-AFB7-086548574753}.Release|Any CPU.ActiveCfg = Release|Any CPU
		{D3F1CCA0-F0F7-4670-AFB7-086548574753}.Release|Any CPU.Build.0 = Release|Any CPU
	EndGlobalSection
	GlobalSection(SolutionProperties) = preSolution
		HideSolutionNode = FALSE
	EndGlobalSection
	GlobalSection(ExtensibilityGlobals) = postSolution
		SolutionGuid = {B901EEAB-8BAB-48A6-A51F-B0F9AD8AD161}
	EndGlobalSection
EndGlobal
